// !$*UTF8*$!
{
	archiveVersion = 1;
	classes = {
	};
	objectVersion = 50;
	objects = {

/* Begin PBXBuildFile section */
		7179D8A325C58E9100A56A83 /* AppDelegate.swift in Sources */ = {isa = PBXBuildFile; fileRef = 7179D8A225C58E9100A56A83 /* AppDelegate.swift */; };
		7179D8A525C58E9100A56A83 /* SceneDelegate.swift in Sources */ = {isa = PBXBuildFile; fileRef = 7179D8A425C58E9100A56A83 /* SceneDelegate.swift */; };
		7179D8AA25C58E9100A56A83 /* Main.storyboard in Resources */ = {isa = PBXBuildFile; fileRef = 7179D8A825C58E9100A56A83 /* Main.storyboard */; };
		7179D8AC25C58E9300A56A83 /* Assets.xcassets in Resources */ = {isa = PBXBuildFile; fileRef = 7179D8AB25C58E9300A56A83 /* Assets.xcassets */; };
		7179D8AF25C58E9300A56A83 /* LaunchScreen.storyboard in Resources */ = {isa = PBXBuildFile; fileRef = 7179D8AD25C58E9300A56A83 /* LaunchScreen.storyboard */; };
		7179D8BE25C5916500A56A83 /* AlotOfCitiesTests.swift in Sources */ = {isa = PBXBuildFile; fileRef = 7179D8BD25C5916500A56A83 /* AlotOfCitiesTests.swift */; };
		7179D8CA25C5919300A56A83 /* JsonDataTransportLayer.swift in Sources */ = {isa = PBXBuildFile; fileRef = 7179D8C825C5919300A56A83 /* JsonDataTransportLayer.swift */; };
		7179D8CB25C5919300A56A83 /* DataTransportLayer.swift in Sources */ = {isa = PBXBuildFile; fileRef = 7179D8C925C5919300A56A83 /* DataTransportLayer.swift */; };
		7179D8D025C591FD00A56A83 /* City.swift in Sources */ = {isa = PBXBuildFile; fileRef = 7179D8CF25C591FD00A56A83 /* City.swift */; };
		7179D8D525C5929800A56A83 /* cities.json in Resources */ = {isa = PBXBuildFile; fileRef = 7179D8D425C5929800A56A83 /* cities.json */; };
		7179D8DB25C59E8100A56A83 /* CityProvider.swift in Sources */ = {isa = PBXBuildFile; fileRef = 7179D8DA25C59E8100A56A83 /* CityProvider.swift */; };
		7179D8DF25C5A2AF00A56A83 /* CitiesViewModel.swift in Sources */ = {isa = PBXBuildFile; fileRef = 7179D8DE25C5A2AF00A56A83 /* CitiesViewModel.swift */; };
		7179D8E425C5AAD000A56A83 /* CancelBag.swift in Sources */ = {isa = PBXBuildFile; fileRef = 7179D8E325C5AAD000A56A83 /* CancelBag.swift */; };
		7179D8E825C5AF9700A56A83 /* CitiesTableViewController.swift in Sources */ = {isa = PBXBuildFile; fileRef = 7179D8E725C5AF9600A56A83 /* CitiesTableViewController.swift */; };
		7179D8EC25C5C18D00A56A83 /* CitiesViewModelTests.swift in Sources */ = {isa = PBXBuildFile; fileRef = 7179D8EB25C5C18D00A56A83 /* CitiesViewModelTests.swift */; };
		7179D8F025C7459E00A56A83 /* SearchAgent.swift in Sources */ = {isa = PBXBuildFile; fileRef = 7179D8EF25C7459E00A56A83 /* SearchAgent.swift */; };
		7179D8F425C74AF400A56A83 /* SearchAgentTests.swift in Sources */ = {isa = PBXBuildFile; fileRef = 7179D8F325C74AF400A56A83 /* SearchAgentTests.swift */; };
		7179D8F825C74B3000A56A83 /* MockViewModel.swift in Sources */ = {isa = PBXBuildFile; fileRef = 7179D8F725C74B3000A56A83 /* MockViewModel.swift */; };
		7179D8FD25C74BC300A56A83 /* TestConstants.swift in Sources */ = {isa = PBXBuildFile; fileRef = 7179D8FC25C74BC300A56A83 /* TestConstants.swift */; };
		7179D90325C7515000A56A83 /* TestsCityFetcher.swift in Sources */ = {isa = PBXBuildFile; fileRef = 7179D90225C7515000A56A83 /* TestsCityFetcher.swift */; };
		7179D90725C7539500A56A83 /* BinarySearchAgent.swift in Sources */ = {isa = PBXBuildFile; fileRef = 7179D90625C7539500A56A83 /* BinarySearchAgent.swift */; };
		7179D90C25C7541700A56A83 /* BuiltInSearchAgent.swift in Sources */ = {isa = PBXBuildFile; fileRef = 7179D90B25C7541700A56A83 /* BuiltInSearchAgent.swift */; };
/* End PBXBuildFile section */

/* Begin PBXContainerItemProxy section */
		7179D8C025C5916500A56A83 /* PBXContainerItemProxy */ = {
			isa = PBXContainerItemProxy;
			containerPortal = 7179D89725C58E9100A56A83 /* Project object */;
			proxyType = 1;
			remoteGlobalIDString = 7179D89E25C58E9100A56A83;
			remoteInfo = AlotOfCities;
		};
/* End PBXContainerItemProxy section */

/* Begin PBXFileReference section */
		7179D89F25C58E9100A56A83 /* AlotOfCities.app */ = {isa = PBXFileReference; explicitFileType = wrapper.application; includeInIndex = 0; path = AlotOfCities.app; sourceTree = BUILT_PRODUCTS_DIR; };
		7179D8A225C58E9100A56A83 /* AppDelegate.swift */ = {isa = PBXFileReference; lastKnownFileType = sourcecode.swift; path = AppDelegate.swift; sourceTree = "<group>"; };
		7179D8A425C58E9100A56A83 /* SceneDelegate.swift */ = {isa = PBXFileReference; lastKnownFileType = sourcecode.swift; path = SceneDelegate.swift; sourceTree = "<group>"; };
		7179D8A925C58E9100A56A83 /* Base */ = {isa = PBXFileReference; lastKnownFileType = file.storyboard; name = Base; path = Base.lproj/Main.storyboard; sourceTree = "<group>"; };
		7179D8AB25C58E9300A56A83 /* Assets.xcassets */ = {isa = PBXFileReference; lastKnownFileType = folder.assetcatalog; path = Assets.xcassets; sourceTree = "<group>"; };
		7179D8AE25C58E9300A56A83 /* Base */ = {isa = PBXFileReference; lastKnownFileType = file.storyboard; name = Base; path = Base.lproj/LaunchScreen.storyboard; sourceTree = "<group>"; };
		7179D8B025C58E9300A56A83 /* Info.plist */ = {isa = PBXFileReference; lastKnownFileType = text.plist.xml; path = Info.plist; sourceTree = "<group>"; };
		7179D8BB25C5916500A56A83 /* AlotOfCitiesTests.xctest */ = {isa = PBXFileReference; explicitFileType = wrapper.cfbundle; includeInIndex = 0; path = AlotOfCitiesTests.xctest; sourceTree = BUILT_PRODUCTS_DIR; };
		7179D8BD25C5916500A56A83 /* AlotOfCitiesTests.swift */ = {isa = PBXFileReference; lastKnownFileType = sourcecode.swift; path = AlotOfCitiesTests.swift; sourceTree = "<group>"; };
		7179D8BF25C5916500A56A83 /* Info.plist */ = {isa = PBXFileReference; lastKnownFileType = text.plist.xml; path = Info.plist; sourceTree = "<group>"; };
		7179D8C825C5919300A56A83 /* JsonDataTransportLayer.swift */ = {isa = PBXFileReference; fileEncoding = 4; lastKnownFileType = sourcecode.swift; path = JsonDataTransportLayer.swift; sourceTree = "<group>"; };
		7179D8C925C5919300A56A83 /* DataTransportLayer.swift */ = {isa = PBXFileReference; fileEncoding = 4; lastKnownFileType = sourcecode.swift; path = DataTransportLayer.swift; sourceTree = "<group>"; };
		7179D8CF25C591FD00A56A83 /* City.swift */ = {isa = PBXFileReference; fileEncoding = 4; lastKnownFileType = sourcecode.swift; path = City.swift; sourceTree = "<group>"; };
		7179D8D425C5929800A56A83 /* cities.json */ = {isa = PBXFileReference; fileEncoding = 4; lastKnownFileType = text.json; path = cities.json; sourceTree = "<group>"; };
		7179D8DA25C59E8100A56A83 /* CityProvider.swift */ = {isa = PBXFileReference; lastKnownFileType = sourcecode.swift; path = CityProvider.swift; sourceTree = "<group>"; };
		7179D8DE25C5A2AF00A56A83 /* CitiesViewModel.swift */ = {isa = PBXFileReference; lastKnownFileType = sourcecode.swift; path = CitiesViewModel.swift; sourceTree = "<group>"; };
		7179D8E325C5AAD000A56A83 /* CancelBag.swift */ = {isa = PBXFileReference; lastKnownFileType = sourcecode.swift; path = CancelBag.swift; sourceTree = "<group>"; };
		7179D8E725C5AF9600A56A83 /* CitiesTableViewController.swift */ = {isa = PBXFileReference; lastKnownFileType = sourcecode.swift; path = CitiesTableViewController.swift; sourceTree = "<group>"; };
		7179D8EB25C5C18D00A56A83 /* CitiesViewModelTests.swift */ = {isa = PBXFileReference; lastKnownFileType = sourcecode.swift; path = CitiesViewModelTests.swift; sourceTree = "<group>"; };
		7179D8EF25C7459E00A56A83 /* SearchAgent.swift */ = {isa = PBXFileReference; lastKnownFileType = sourcecode.swift; path = SearchAgent.swift; sourceTree = "<group>"; };
		7179D8F325C74AF400A56A83 /* SearchAgentTests.swift */ = {isa = PBXFileReference; lastKnownFileType = sourcecode.swift; path = SearchAgentTests.swift; sourceTree = "<group>"; };
		7179D8F725C74B3000A56A83 /* MockViewModel.swift */ = {isa = PBXFileReference; lastKnownFileType = sourcecode.swift; path = MockViewModel.swift; sourceTree = "<group>"; };
		7179D8FC25C74BC300A56A83 /* TestConstants.swift */ = {isa = PBXFileReference; lastKnownFileType = sourcecode.swift; path = TestConstants.swift; sourceTree = "<group>"; };
		7179D90225C7515000A56A83 /* TestsCityFetcher.swift */ = {isa = PBXFileReference; lastKnownFileType = sourcecode.swift; path = TestsCityFetcher.swift; sourceTree = "<group>"; };
		7179D90625C7539500A56A83 /* BinarySearchAgent.swift */ = {isa = PBXFileReference; lastKnownFileType = sourcecode.swift; path = BinarySearchAgent.swift; sourceTree = "<group>"; };
		7179D90B25C7541700A56A83 /* BuiltInSearchAgent.swift */ = {isa = PBXFileReference; lastKnownFileType = sourcecode.swift; path = BuiltInSearchAgent.swift; sourceTree = "<group>"; };
/* End PBXFileReference section */

/* Begin PBXFrameworksBuildPhase section */
		7179D89C25C58E9100A56A83 /* Frameworks */ = {
			isa = PBXFrameworksBuildPhase;
			buildActionMask = 2147483647;
			files = (
			);
			runOnlyForDeploymentPostprocessing = 0;
		};
		7179D8B825C5916500A56A83 /* Frameworks */ = {
			isa = PBXFrameworksBuildPhase;
			buildActionMask = 2147483647;
			files = (
			);
			runOnlyForDeploymentPostprocessing = 0;
		};
/* End PBXFrameworksBuildPhase section */

/* Begin PBXGroup section */
		7179D89625C58E9100A56A83 = {
			isa = PBXGroup;
			children = (
				7179D8A125C58E9100A56A83 /* AlotOfCities */,
				7179D8BC25C5916500A56A83 /* AlotOfCitiesTests */,
				7179D8A025C58E9100A56A83 /* Products */,
			);
			sourceTree = "<group>";
		};
		7179D8A025C58E9100A56A83 /* Products */ = {
			isa = PBXGroup;
			children = (
				7179D89F25C58E9100A56A83 /* AlotOfCities.app */,
				7179D8BB25C5916500A56A83 /* AlotOfCitiesTests.xctest */,
			);
			name = Products;
			sourceTree = "<group>";
		};
		7179D8A125C58E9100A56A83 /* AlotOfCities */ = {
			isa = PBXGroup;
			children = (
				7179D8E225C5AAC400A56A83 /* Common */,
				7179D8D325C5927B00A56A83 /* Resources */,
				7179D8CE25C591EE00A56A83 /* Models */,
				7179D8C725C5919300A56A83 /* Networking */,
				7179D8A225C58E9100A56A83 /* AppDelegate.swift */,
				7179D8A425C58E9100A56A83 /* SceneDelegate.swift */,
				7179D8E725C5AF9600A56A83 /* CitiesTableViewController.swift */,
				7179D8DE25C5A2AF00A56A83 /* CitiesViewModel.swift */,
				7179D8A825C58E9100A56A83 /* Main.storyboard */,
				7179D8AD25C58E9300A56A83 /* LaunchScreen.storyboard */,
			);
			path = AlotOfCities;
			sourceTree = "<group>";
		};
		7179D8BC25C5916500A56A83 /* AlotOfCitiesTests */ = {
			isa = PBXGroup;
			children = (
				7179D8FB25C74BAE00A56A83 /* Commons */,
				7179D8BD25C5916500A56A83 /* AlotOfCitiesTests.swift */,
				7179D8EB25C5C18D00A56A83 /* CitiesViewModelTests.swift */,
				7179D8F325C74AF400A56A83 /* SearchAgentTests.swift */,
				7179D8BF25C5916500A56A83 /* Info.plist */,
			);
			path = AlotOfCitiesTests;
			sourceTree = "<group>";
		};
		7179D8C725C5919300A56A83 /* Networking */ = {
			isa = PBXGroup;
			children = (
				7179D8C825C5919300A56A83 /* JsonDataTransportLayer.swift */,
				7179D8C925C5919300A56A83 /* DataTransportLayer.swift */,
			);
			path = Networking;
			sourceTree = "<group>";
		};
		7179D8CE25C591EE00A56A83 /* Models */ = {
			isa = PBXGroup;
			children = (
				7179D8CF25C591FD00A56A83 /* City.swift */,
				7179D8DA25C59E8100A56A83 /* CityProvider.swift */,
			);
			path = Models;
			sourceTree = "<group>";
		};
		7179D8D325C5927B00A56A83 /* Resources */ = {
			isa = PBXGroup;
			children = (
				7179D8D425C5929800A56A83 /* cities.json */,
				7179D8AB25C58E9300A56A83 /* Assets.xcassets */,
				7179D8B025C58E9300A56A83 /* Info.plist */,
			);
			path = Resources;
			sourceTree = "<group>";
		};
		7179D8E225C5AAC400A56A83 /* Common */ = {
			isa = PBXGroup;
			children = (
				7179D8E325C5AAD000A56A83 /* CancelBag.swift */,
				7179D90A25C753E900A56A83 /* SearchAgent */,
			);
			path = Common;
			sourceTree = "<group>";
		};
		7179D8FB25C74BAE00A56A83 /* Commons */ = {
			isa = PBXGroup;
			children = (
				7179D8F725C74B3000A56A83 /* MockViewModel.swift */,
				7179D8FC25C74BC300A56A83 /* TestConstants.swift */,
				7179D90225C7515000A56A83 /* TestsCityFetcher.swift */,
			);
			path = Commons;
			sourceTree = "<group>";
		};
		7179D90A25C753E900A56A83 /* SearchAgent */ = {
			isa = PBXGroup;
			children = (
				7179D8EF25C7459E00A56A83 /* SearchAgent.swift */,
				7179D90625C7539500A56A83 /* BinarySearchAgent.swift */,
				7179D90B25C7541700A56A83 /* BuiltInSearchAgent.swift */,
			);
			path = SearchAgent;
			sourceTree = "<group>";
		};
/* End PBXGroup section */

/* Begin PBXNativeTarget section */
		7179D89E25C58E9100A56A83 /* AlotOfCities */ = {
			isa = PBXNativeTarget;
			buildConfigurationList = 7179D8B325C58E9300A56A83 /* Build configuration list for PBXNativeTarget "AlotOfCities" */;
			buildPhases = (
				7179D89B25C58E9100A56A83 /* Sources */,
				7179D89C25C58E9100A56A83 /* Frameworks */,
				7179D89D25C58E9100A56A83 /* Resources */,
			);
			buildRules = (
			);
			dependencies = (
			);
			name = AlotOfCities;
			productName = AlotOfCities;
			productReference = 7179D89F25C58E9100A56A83 /* AlotOfCities.app */;
			productType = "com.apple.product-type.application";
		};
		7179D8BA25C5916500A56A83 /* AlotOfCitiesTests */ = {
			isa = PBXNativeTarget;
			buildConfigurationList = 7179D8C225C5916500A56A83 /* Build configuration list for PBXNativeTarget "AlotOfCitiesTests" */;
			buildPhases = (
				7179D8B725C5916500A56A83 /* Sources */,
				7179D8B825C5916500A56A83 /* Frameworks */,
				7179D8B925C5916500A56A83 /* Resources */,
			);
			buildRules = (
			);
			dependencies = (
				7179D8C125C5916500A56A83 /* PBXTargetDependency */,
			);
			name = AlotOfCitiesTests;
			productName = AlotOfCitiesTests;
			productReference = 7179D8BB25C5916500A56A83 /* AlotOfCitiesTests.xctest */;
			productType = "com.apple.product-type.bundle.unit-test";
		};
/* End PBXNativeTarget section */

/* Begin PBXProject section */
		7179D89725C58E9100A56A83 /* Project object */ = {
			isa = PBXProject;
			attributes = {
				LastSwiftUpdateCheck = 1220;
				LastUpgradeCheck = 1220;
				TargetAttributes = {
					7179D89E25C58E9100A56A83 = {
						CreatedOnToolsVersion = 12.2;
					};
					7179D8BA25C5916500A56A83 = {
						CreatedOnToolsVersion = 12.2;
						TestTargetID = 7179D89E25C58E9100A56A83;
					};
				};
			};
			buildConfigurationList = 7179D89A25C58E9100A56A83 /* Build configuration list for PBXProject "AlotOfCities" */;
			compatibilityVersion = "Xcode 9.3";
			developmentRegion = en;
			hasScannedForEncodings = 0;
			knownRegions = (
				en,
				Base,
			);
			mainGroup = 7179D89625C58E9100A56A83;
			productRefGroup = 7179D8A025C58E9100A56A83 /* Products */;
			projectDirPath = "";
			projectRoot = "";
			targets = (
				7179D89E25C58E9100A56A83 /* AlotOfCities */,
				7179D8BA25C5916500A56A83 /* AlotOfCitiesTests */,
			);
		};
/* End PBXProject section */

/* Begin PBXResourcesBuildPhase section */
		7179D89D25C58E9100A56A83 /* Resources */ = {
			isa = PBXResourcesBuildPhase;
			buildActionMask = 2147483647;
			files = (
				7179D8D525C5929800A56A83 /* cities.json in Resources */,
				7179D8AF25C58E9300A56A83 /* LaunchScreen.storyboard in Resources */,
				7179D8AC25C58E9300A56A83 /* Assets.xcassets in Resources */,
				7179D8AA25C58E9100A56A83 /* Main.storyboard in Resources */,
			);
			runOnlyForDeploymentPostprocessing = 0;
		};
		7179D8B925C5916500A56A83 /* Resources */ = {
			isa = PBXResourcesBuildPhase;
			buildActionMask = 2147483647;
			files = (
			);
			runOnlyForDeploymentPostprocessing = 0;
		};
/* End PBXResourcesBuildPhase section */

/* Begin PBXSourcesBuildPhase section */
		7179D89B25C58E9100A56A83 /* Sources */ = {
			isa = PBXSourcesBuildPhase;
			buildActionMask = 2147483647;
			files = (
				7179D8DB25C59E8100A56A83 /* CityProvider.swift in Sources */,
				7179D90C25C7541700A56A83 /* BuiltInSearchAgent.swift in Sources */,
				7179D8CB25C5919300A56A83 /* DataTransportLayer.swift in Sources */,
				7179D8D025C591FD00A56A83 /* City.swift in Sources */,
				7179D90725C7539500A56A83 /* BinarySearchAgent.swift in Sources */,
				7179D8CA25C5919300A56A83 /* JsonDataTransportLayer.swift in Sources */,
				7179D8E425C5AAD000A56A83 /* CancelBag.swift in Sources */,
				7179D8E825C5AF9700A56A83 /* CitiesTableViewController.swift in Sources */,
				7179D8DF25C5A2AF00A56A83 /* CitiesViewModel.swift in Sources */,
				7179D8A325C58E9100A56A83 /* AppDelegate.swift in Sources */,
				7179D8A525C58E9100A56A83 /* SceneDelegate.swift in Sources */,
				7179D8F025C7459E00A56A83 /* SearchAgent.swift in Sources */,
			);
			runOnlyForDeploymentPostprocessing = 0;
		};
		7179D8B725C5916500A56A83 /* Sources */ = {
			isa = PBXSourcesBuildPhase;
			buildActionMask = 2147483647;
			files = (
				7179D8F825C74B3000A56A83 /* MockViewModel.swift in Sources */,
				7179D8BE25C5916500A56A83 /* AlotOfCitiesTests.swift in Sources */,
				7179D90325C7515000A56A83 /* TestsCityFetcher.swift in Sources */,
				7179D8FD25C74BC300A56A83 /* TestConstants.swift in Sources */,
				7179D8F425C74AF400A56A83 /* SearchAgentTests.swift in Sources */,
				7179D8EC25C5C18D00A56A83 /* CitiesViewModelTests.swift in Sources */,
			);
			runOnlyForDeploymentPostprocessing = 0;
		};
/* End PBXSourcesBuildPhase section */

/* Begin PBXTargetDependency section */
		7179D8C125C5916500A56A83 /* PBXTargetDependency */ = {
			isa = PBXTargetDependency;
			target = 7179D89E25C58E9100A56A83 /* AlotOfCities */;
			targetProxy = 7179D8C025C5916500A56A83 /* PBXContainerItemProxy */;
		};
/* End PBXTargetDependency section */

/* Begin PBXVariantGroup section */
		7179D8A825C58E9100A56A83 /* Main.storyboard */ = {
			isa = PBXVariantGroup;
			children = (
				7179D8A925C58E9100A56A83 /* Base */,
			);
			name = Main.storyboard;
			sourceTree = "<group>";
		};
		7179D8AD25C58E9300A56A83 /* LaunchScreen.storyboard */ = {
			isa = PBXVariantGroup;
			children = (
				7179D8AE25C58E9300A56A83 /* Base */,
			);
			name = LaunchScreen.storyboard;
			sourceTree = "<group>";
		};
/* End PBXVariantGroup section */

/* Begin XCBuildConfiguration section */
		7179D8B125C58E9300A56A83 /* Debug */ = {
			isa = XCBuildConfiguration;
			buildSettings = {
				ALWAYS_SEARCH_USER_PATHS = NO;
				CLANG_ANALYZER_NONNULL = YES;
				CLANG_ANALYZER_NUMBER_OBJECT_CONVERSION = YES_AGGRESSIVE;
				CLANG_CXX_LANGUAGE_STANDARD = "gnu++14";
				CLANG_CXX_LIBRARY = "libc++";
				CLANG_ENABLE_MODULES = YES;
				CLANG_ENABLE_OBJC_ARC = YES;
				CLANG_ENABLE_OBJC_WEAK = YES;
				CLANG_WARN_BLOCK_CAPTURE_AUTORELEASING = YES;
				CLANG_WARN_BOOL_CONVERSION = YES;
				CLANG_WARN_COMMA = YES;
				CLANG_WARN_CONSTANT_CONVERSION = YES;
				CLANG_WARN_DEPRECATED_OBJC_IMPLEMENTATIONS = YES;
				CLANG_WARN_DIRECT_OBJC_ISA_USAGE = YES_ERROR;
				CLANG_WARN_DOCUMENTATION_COMMENTS = YES;
				CLANG_WARN_EMPTY_BODY = YES;
				CLANG_WARN_ENUM_CONVERSION = YES;
				CLANG_WARN_INFINITE_RECURSION = YES;
				CLANG_WARN_INT_CONVERSION = YES;
				CLANG_WARN_NON_LITERAL_NULL_CONVERSION = YES;
				CLANG_WARN_OBJC_IMPLICIT_RETAIN_SELF = YES;
				CLANG_WARN_OBJC_LITERAL_CONVERSION = YES;
				CLANG_WARN_OBJC_ROOT_CLASS = YES_ERROR;
				CLANG_WARN_QUOTED_INCLUDE_IN_FRAMEWORK_HEADER = YES;
				CLANG_WARN_RANGE_LOOP_ANALYSIS = YES;
				CLANG_WARN_STRICT_PROTOTYPES = YES;
				CLANG_WARN_SUSPICIOUS_MOVE = YES;
				CLANG_WARN_UNGUARDED_AVAILABILITY = YES_AGGRESSIVE;
				CLANG_WARN_UNREACHABLE_CODE = YES;
				CLANG_WARN__DUPLICATE_METHOD_MATCH = YES;
				COPY_PHASE_STRIP = NO;
				DEBUG_INFORMATION_FORMAT = dwarf;
				ENABLE_STRICT_OBJC_MSGSEND = YES;
				ENABLE_TESTABILITY = YES;
				GCC_C_LANGUAGE_STANDARD = gnu11;
				GCC_DYNAMIC_NO_PIC = NO;
				GCC_NO_COMMON_BLOCKS = YES;
				GCC_OPTIMIZATION_LEVEL = 0;
				GCC_PREPROCESSOR_DEFINITIONS = (
					"DEBUG=1",
					"$(inherited)",
				);
				GCC_WARN_64_TO_32_BIT_CONVERSION = YES;
				GCC_WARN_ABOUT_RETURN_TYPE = YES_ERROR;
				GCC_WARN_UNDECLARED_SELECTOR = YES;
				GCC_WARN_UNINITIALIZED_AUTOS = YES_AGGRESSIVE;
				GCC_WARN_UNUSED_FUNCTION = YES;
				GCC_WARN_UNUSED_VARIABLE = YES;
				IPHONEOS_DEPLOYMENT_TARGET = 14.2;
				MTL_ENABLE_DEBUG_INFO = INCLUDE_SOURCE;
				MTL_FAST_MATH = YES;
				ONLY_ACTIVE_ARCH = YES;
				SDKROOT = iphoneos;
				SWIFT_ACTIVE_COMPILATION_CONDITIONS = DEBUG;
				SWIFT_OPTIMIZATION_LEVEL = "-Onone";
			};
			name = Debug;
		};
		7179D8B225C58E9300A56A83 /* Release */ = {
			isa = XCBuildConfiguration;
			buildSettings = {
				ALWAYS_SEARCH_USER_PATHS = NO;
				CLANG_ANALYZER_NONNULL = YES;
				CLANG_ANALYZER_NUMBER_OBJECT_CONVERSION = YES_AGGRESSIVE;
				CLANG_CXX_LANGUAGE_STANDARD = "gnu++14";
				CLANG_CXX_LIBRARY = "libc++";
				CLANG_ENABLE_MODULES = YES;
				CLANG_ENABLE_OBJC_ARC = YES;
				CLANG_ENABLE_OBJC_WEAK = YES;
				CLANG_WARN_BLOCK_CAPTURE_AUTORELEASING = YES;
				CLANG_WARN_BOOL_CONVERSION = YES;
				CLANG_WARN_COMMA = YES;
				CLANG_WARN_CONSTANT_CONVERSION = YES;
				CLANG_WARN_DEPRECATED_OBJC_IMPLEMENTATIONS = YES;
				CLANG_WARN_DIRECT_OBJC_ISA_USAGE = YES_ERROR;
				CLANG_WARN_DOCUMENTATION_COMMENTS = YES;
				CLANG_WARN_EMPTY_BODY = YES;
				CLANG_WARN_ENUM_CONVERSION = YES;
				CLANG_WARN_INFINITE_RECURSION = YES;
				CLANG_WARN_INT_CONVERSION = YES;
				CLANG_WARN_NON_LITERAL_NULL_CONVERSION = YES;
				CLANG_WARN_OBJC_IMPLICIT_RETAIN_SELF = YES;
				CLANG_WARN_OBJC_LITERAL_CONVERSION = YES;
				CLANG_WARN_OBJC_ROOT_CLASS = YES_ERROR;
				CLANG_WARN_QUOTED_INCLUDE_IN_FRAMEWORK_HEADER = YES;
				CLANG_WARN_RANGE_LOOP_ANALYSIS = YES;
				CLANG_WARN_STRICT_PROTOTYPES = YES;
				CLANG_WARN_SUSPICIOUS_MOVE = YES;
				CLANG_WARN_UNGUARDED_AVAILABILITY = YES_AGGRESSIVE;
				CLANG_WARN_UNREACHABLE_CODE = YES;
				CLANG_WARN__DUPLICATE_METHOD_MATCH = YES;
				COPY_PHASE_STRIP = NO;
				DEBUG_INFORMATION_FORMAT = "dwarf-with-dsym";
				ENABLE_NS_ASSERTIONS = NO;
				ENABLE_STRICT_OBJC_MSGSEND = YES;
				GCC_C_LANGUAGE_STANDARD = gnu11;
				GCC_NO_COMMON_BLOCKS = YES;
				GCC_WARN_64_TO_32_BIT_CONVERSION = YES;
				GCC_WARN_ABOUT_RETURN_TYPE = YES_ERROR;
				GCC_WARN_UNDECLARED_SELECTOR = YES;
				GCC_WARN_UNINITIALIZED_AUTOS = YES_AGGRESSIVE;
				GCC_WARN_UNUSED_FUNCTION = YES;
				GCC_WARN_UNUSED_VARIABLE = YES;
				IPHONEOS_DEPLOYMENT_TARGET = 14.2;
				MTL_ENABLE_DEBUG_INFO = NO;
				MTL_FAST_MATH = YES;
				SDKROOT = iphoneos;
				SWIFT_COMPILATION_MODE = wholemodule;
				SWIFT_OPTIMIZATION_LEVEL = "-O";
				VALIDATE_PRODUCT = YES;
			};
			name = Release;
		};
		7179D8B425C58E9300A56A83 /* Debug */ = {
			isa = XCBuildConfiguration;
			buildSettings = {
				ASSETCATALOG_COMPILER_APPICON_NAME = AppIcon;
				ASSETCATALOG_COMPILER_GLOBAL_ACCENT_COLOR_NAME = AccentColor;
				CODE_SIGN_STYLE = Automatic;
				DEVELOPMENT_TEAM = N9D2384283;
				INFOPLIST_FILE = AlotOfCities/Resources/Info.plist;
				LD_RUNPATH_SEARCH_PATHS = (
					"$(inherited)",
					"@executable_path/Frameworks",
				);
				PRODUCT_BUNDLE_IDENTIFIER = com.alyyakan.AlotOfCities;
				PRODUCT_NAME = "$(TARGET_NAME)";
				SWIFT_VERSION = 5.0;
				TARGETED_DEVICE_FAMILY = "1,2";
			};
			name = Debug;
		};
		7179D8B525C58E9300A56A83 /* Release */ = {
			isa = XCBuildConfiguration;
			buildSettings = {
				ASSETCATALOG_COMPILER_APPICON_NAME = AppIcon;
				ASSETCATALOG_COMPILER_GLOBAL_ACCENT_COLOR_NAME = AccentColor;
				CODE_SIGN_STYLE = Automatic;
				DEVELOPMENT_TEAM = N9D2384283;
				INFOPLIST_FILE = AlotOfCities/Resources/Info.plist;
				LD_RUNPATH_SEARCH_PATHS = (
					"$(inherited)",
					"@executable_path/Frameworks",
				);
				PRODUCT_BUNDLE_IDENTIFIER = com.alyyakan.AlotOfCities;
				PRODUCT_NAME = "$(TARGET_NAME)";
				SWIFT_VERSION = 5.0;
				TARGETED_DEVICE_FAMILY = "1,2";
			};
			name = Release;
		};
		7179D8C325C5916500A56A83 /* Debug */ = {
			isa = XCBuildConfiguration;
			buildSettings = {
				BUNDLE_LOADER = "$(TEST_HOST)";
				CODE_SIGN_STYLE = Automatic;
				DEVELOPMENT_TEAM = N9D2384283;
				INFOPLIST_FILE = AlotOfCitiesTests/Info.plist;
				LD_RUNPATH_SEARCH_PATHS = (
					"$(inherited)",
					"@executable_path/Frameworks",
					"@loader_path/Frameworks",
				);
				PRODUCT_BUNDLE_IDENTIFIER = com.alyyakan.AlotOfCitiesTests;
				PRODUCT_NAME = "$(TARGET_NAME)";
				SWIFT_VERSION = 5.0;
				TARGETED_DEVICE_FAMILY = "1,2";
				TEST_HOST = "$(BUILT_PRODUCTS_DIR)/AlotOfCities.app/AlotOfCities";
			};
			name = Debug;
		};
		7179D8C425C5916500A56A83 /* Release */ = {
			isa = XCBuildConfiguration;
			buildSettings = {
				BUNDLE_LOADER = "$(TEST_HOST)";
				CODE_SIGN_STYLE = Automatic;
				DEVELOPMENT_TEAM = N9D2384283;
				INFOPLIST_FILE = AlotOfCitiesTests/Info.plist;
				LD_RUNPATH_SEARCH_PATHS = (
					"$(inherited)",
					"@executable_path/Frameworks",
					"@loader_path/Frameworks",
				);
				PRODUCT_BUNDLE_IDENTIFIER = com.alyyakan.AlotOfCitiesTests;
				PRODUCT_NAME = "$(TARGET_NAME)";
				SWIFT_VERSION = 5.0;
				TARGETED_DEVICE_FAMILY = "1,2";
				TEST_HOST = "$(BUILT_PRODUCTS_DIR)/AlotOfCities.app/AlotOfCities";
			};
			name = Release;
		};
/* End XCBuildConfiguration section */

/* Begin XCConfigurationList section */
		7179D89A25C58E9100A56A83 /* Build configuration list for PBXProject "AlotOfCities" */ = {
			isa = XCConfigurationList;
			buildConfigurations = (
				7179D8B125C58E9300A56A83 /* Debug */,
				7179D8B225C58E9300A56A83 /* Release */,
			);
			defaultConfigurationIsVisible = 0;
			defaultConfigurationName = Release;
		};
		7179D8B325C58E9300A56A83 /* Build configuration list for PBXNativeTarget "AlotOfCities" */ = {
			isa = XCConfigurationList;
			buildConfigurations = (
				7179D8B425C58E9300A56A83 /* Debug */,
				7179D8B525C58E9300A56A83 /* Release */,
			);
			defaultConfigurationIsVisible = 0;
			defaultConfigurationName = Release;
		};
		7179D8C225C5916500A56A83 /* Build configuration list for PBXNativeTarget "AlotOfCitiesTests" */ = {
			isa = XCConfigurationList;
			buildConfigurations = (
				7179D8C325C5916500A56A83 /* Debug */,
				7179D8C425C5916500A56A83 /* Release */,
			);
			defaultConfigurationIsVisible = 0;
			defaultConfigurationName = Release;
		};
/* End XCConfigurationList section */
	};
	rootObject = 7179D89725C58E9100A56A83 /* Project object */;
}
